# -------------------------------------------------------------------------- #
#
# Copyright (C) 2022  Intel Corporation. All rights reserved.
# Your use of Intel Corporation's design tools, logic functions 
# and other software and tools, and any partner logic 
# functions, and any output files from any of the foregoing 
# (including device programming or simulation files), and any 
# associated documentation or information are expressly subject 
# to the terms and conditions of the Intel Program License 
# Subscription Agreement, the Intel Quartus Prime License Agreement,
# the Intel FPGA IP License Agreement, or other applicable license
# agreement, including, without limitation, that your use is for
# the sole purpose of programming logic devices manufactured by
# Intel and sold by Intel or its authorized distributors.  Please
# refer to the applicable agreement for further details, at
# https://fpgasoftware.intel.com/eula.
#
# -------------------------------------------------------------------------- #
#
# Quartus Prime
# Version 22.1std.0 Build 915 10/25/2022 SC Lite Edition
# Date created = 03:47:44  August 10, 2026
#
# -------------------------------------------------------------------------- #
#
# Notes:
#
# 1) The default values for assignments are stored in the file:
#		LogicAnalyzer_assignment_defaults.qdf
#    If this file doesn't exist, see file:
#		assignment_defaults.qdf
#
# 2) Intel recommends that you do not modify this file. This
#    file is updated automatically by the Quartus Prime software
#    and any changes you make may be lost or overwritten.
#
# -------------------------------------------------------------------------- #


set_global_assignment -name FAMILY "MAX 10"
set_global_assignment -name DEVICE 10M50DAF484C6GES
set_global_assignment -name TOP_LEVEL_ENTITY logic_analyzer_selftest
set_global_assignment -name ORIGINAL_QUARTUS_VERSION 22.1STD.0
set_global_assignment -name PROJECT_CREATION_TIME_DATE "03:47:44  AUGUST 10, 2026"
set_global_assignment -name LAST_QUARTUS_VERSION "22.1std.0 Lite Edition"
set_global_assignment -name PROJECT_OUTPUT_DIRECTORY output_files
set_global_assignment -name MIN_CORE_JUNCTION_TEMP 0
set_global_assignment -name MAX_CORE_JUNCTION_TEMP 85
set_global_assignment -name POWER_PRESET_COOLING_SOLUTION "23 MM HEAT SINK WITH 200 LFPM AIRFLOW"
set_global_assignment -name POWER_BOARD_THERMAL_MODEL "NONE (CONSERVATIVE)"
set_global_assignment -name EDA_SIMULATION_TOOL "ModelSim (Verilog)"
set_global_assignment -name EDA_TIME_SCALE "1 ps" -section_id eda_simulation
set_global_assignment -name EDA_OUTPUT_DATA_FORMAT "VERILOG HDL" -section_id eda_simulation
set_global_assignment -name EDA_TEST_BENCH_ENABLE_STATUS TEST_BENCH_MODE -section_id eda_simulation
set_global_assignment -name EDA_NATIVELINK_SIMULATION_TEST_BENCH logic_analyzer_top_tb -section_id eda_simulation
set_global_assignment -name EDA_TEST_BENCH_NAME Combined_tb_settings -section_id eda_simulation
set_global_assignment -name EDA_DESIGN_INSTANCE_NAME NA -section_id Combined_tb_settings
set_global_assignment -name EDA_TEST_BENCH_MODULE_NAME Combined_tb -section_id Combined_tb_settings
set_global_assignment -name EDA_TEST_BENCH_NAME DFlipFlop_tb -section_id eda_simulation
set_global_assignment -name EDA_DESIGN_INSTANCE_NAME NA -section_id DFlipFlop_tb
set_global_assignment -name EDA_TEST_BENCH_MODULE_NAME DFlipFlop_tb -section_id DFlipFlop_tb
set_global_assignment -name EDA_TEST_BENCH_NAME Counter_tb -section_id eda_simulation
set_global_assignment -name EDA_DESIGN_INSTANCE_NAME NA -section_id Counter_tb
set_global_assignment -name EDA_TEST_BENCH_MODULE_NAME Counter_tb -section_id Counter_tb
set_global_assignment -name EDA_TEST_BENCH_NAME sync_tb -section_id eda_simulation
set_global_assignment -name EDA_DESIGN_INSTANCE_NAME NA -section_id sync_tb
set_global_assignment -name EDA_TEST_BENCH_MODULE_NAME sync_tb -section_id sync_tb
set_global_assignment -name EDA_TEST_BENCH_NAME rate_div_tb -section_id eda_simulation
set_global_assignment -name EDA_DESIGN_INSTANCE_NAME NA -section_id rate_div_tb
set_global_assignment -name EDA_TEST_BENCH_MODULE_NAME rate_div_tb -section_id rate_div_tb
set_global_assignment -name EDA_TEST_BENCH_NAME trigger_tb -section_id eda_simulation
set_global_assignment -name EDA_DESIGN_INSTANCE_NAME NA -section_id trigger_tb
set_global_assignment -name EDA_TEST_BENCH_MODULE_NAME trigger_tb -section_id trigger_tb
set_global_assignment -name EDA_TEST_BENCH_NAME capture_tb -section_id eda_simulation
set_global_assignment -name EDA_DESIGN_INSTANCE_NAME NA -section_id capture_tb
set_global_assignment -name EDA_TEST_BENCH_MODULE_NAME capture_tb -section_id capture_tb
set_global_assignment -name EDA_TEST_BENCH_NAME buffer_tb -section_id eda_simulation
set_global_assignment -name EDA_DESIGN_INSTANCE_NAME NA -section_id buffer_tb
set_global_assignment -name EDA_TEST_BENCH_MODULE_NAME buffer_tb -section_id buffer_tb
set_global_assignment -name EDA_TEST_BENCH_NAME readout_tb -section_id eda_simulation
set_global_assignment -name EDA_DESIGN_INSTANCE_NAME NA -section_id readout_tb
set_global_assignment -name EDA_TEST_BENCH_MODULE_NAME readout_tb -section_id readout_tb
set_global_assignment -name EDA_TEST_BENCH_NAME logic_analyzer_top_tb -section_id eda_simulation
set_global_assignment -name EDA_DESIGN_INSTANCE_NAME NA -section_id logic_analyzer_top_tb
set_global_assignment -name EDA_TEST_BENCH_MODULE_NAME logic_analyzer_top_tb -section_id logic_analyzer_top_tb
# --- Clock ---
set_location_assignment PIN_J10 -to clk

# --- Reset (S1 push button, active-low, 1.2V) ---
set_location_assignment PIN_R20 -to reset

# --- Polarity switch (SW1.1, 1.2V) ---
set_location_assignment PIN_R18 -to polarity

# --- MCU interface: arm / rd_strobe ---
set_location_assignment PIN_A19 -to arm_raw

set_location_assignment PIN_B19 -to rd_strobe_raw

# --- MCU interface: rate select (2 bits) ---
set_location_assignment PIN_A20 -to rate[0]

set_location_assignment PIN_E16 -to rate[1]

# --- MCU interface: data / done outputs ---
set_location_assignment PIN_C18 -to data

set_location_assignment PIN_C19 -to done

# --- Self-test heartbeat LED (D3 on-board user LED, active-low) ---
set_location_assignment PIN_C3 -to led_heartbeat
set_global_assignment -name VERILOG_FILE ORgate.v
set_global_assignment -name VERILOG_FILE combined.v
set_global_assignment -name SOURCE_FILE combined.tb
set_global_assignment -name VERILOG_FILE combined.tb.v
set_global_assignment -name VERILOG_FILE AndGate.v
set_global_assignment -name VERILOG_FILE DFlipFlop.v
set_global_assignment -name VERILOG_FILE DFlipFlop_tb.v
set_global_assignment -name VERILOG_FILE counter.v
set_global_assignment -name VERILOG_FILE counter_tb.v
set_global_assignment -name VERILOG_FILE sync.v
set_global_assignment -name VERILOG_FILE sync_tb.v
set_global_assignment -name VERILOG_FILE rate_div.v
set_global_assignment -name VERILOG_FILE rate_div_tb.v
set_global_assignment -name VERILOG_FILE trigger.v
set_global_assignment -name VERILOG_FILE trigger_tb.v
set_global_assignment -name VERILOG_FILE capture.v
set_global_assignment -name VERILOG_FILE capture_tb.v
set_global_assignment -name VERILOG_FILE buffer.v
set_global_assignment -name VERILOG_FILE buffer_tb.v
set_global_assignment -name VERILOG_FILE readout.v
set_global_assignment -name VERILOG_FILE readout_tb.v
set_global_assignment -name VERILOG_FILE logic_analyzer_top_tb.v
set_global_assignment -name VERILOG_FILE counter_wide.v
set_global_assignment -name VERILOG_FILE output_files/logic_analyzer_selftest.v
set_global_assignment -name VERILOG_FILE logic_analyzer_top.v
set_global_assignment -name EDA_TEST_BENCH_FILE combined.tb.v -section_id Combined_tb_settings
set_global_assignment -name EDA_TEST_BENCH_FILE DFlipFlop_tb.v -section_id DFlipFlop_tb
set_global_assignment -name EDA_TEST_BENCH_FILE DFlipFlop.v -section_id DFlipFlop_tb
set_global_assignment -name EDA_TEST_BENCH_FILE counter_tb.v -section_id Counter_tb
set_global_assignment -name EDA_TEST_BENCH_FILE counter.v -section_id Counter_tb
set_global_assignment -name EDA_TEST_BENCH_FILE sync.v -section_id sync_tb
set_global_assignment -name EDA_TEST_BENCH_FILE sync_tb.v -section_id sync_tb
set_global_assignment -name EDA_TEST_BENCH_FILE DFlipFlop.v -section_id sync_tb
set_global_assignment -name EDA_TEST_BENCH_FILE rate_div.v -section_id rate_div_tb
set_global_assignment -name EDA_TEST_BENCH_FILE rate_div_tb.v -section_id rate_div_tb
set_global_assignment -name EDA_TEST_BENCH_FILE counter.v -section_id rate_div_tb
set_global_assignment -name EDA_TEST_BENCH_FILE trigger.v -section_id trigger_tb
set_global_assignment -name EDA_TEST_BENCH_FILE trigger_tb.v -section_id trigger_tb
set_global_assignment -name EDA_TEST_BENCH_FILE capture.v -section_id capture_tb
set_global_assignment -name EDA_TEST_BENCH_FILE capture_tb.v -section_id capture_tb
set_global_assignment -name EDA_TEST_BENCH_FILE buffer.v -section_id buffer_tb
set_global_assignment -name EDA_TEST_BENCH_FILE buffer_tb.v -section_id buffer_tb
set_global_assignment -name EDA_TEST_BENCH_FILE readout.v -section_id readout_tb
set_global_assignment -name EDA_TEST_BENCH_FILE readout_tb.v -section_id readout_tb
set_global_assignment -name EDA_TEST_BENCH_FILE logic_analyzer_top_tb.v -section_id logic_analyzer_top_tb
set_global_assignment -name EDA_TEST_BENCH_FILE sync.v -section_id logic_analyzer_top_tb
set_global_assignment -name EDA_TEST_BENCH_FILE rate_div.v -section_id logic_analyzer_top_tb
set_global_assignment -name EDA_TEST_BENCH_FILE trigger.v -section_id logic_analyzer_top_tb
set_global_assignment -name EDA_TEST_BENCH_FILE capture.v -section_id logic_analyzer_top_tb
set_global_assignment -name EDA_TEST_BENCH_FILE readout.v -section_id logic_analyzer_top_tb
set_global_assignment -name EDA_TEST_BENCH_FILE buffer.v -section_id logic_analyzer_top_tb
set_global_assignment -name EDA_TEST_BENCH_FILE DFlipFlop.v -section_id logic_analyzer_top_tb
set_global_assignment -name EDA_TEST_BENCH_FILE counter.v -section_id logic_analyzer_top_tb
set_global_assignment -name EDA_TEST_BENCH_FILE logic_analyzer_top.v -section_id logic_analyzer_top_tb
set_global_assignment -name PARTITION_NETLIST_TYPE SOURCE -section_id Top
set_global_assignment -name PARTITION_FITTER_PRESERVATION_LEVEL PLACEMENT_AND_ROUTING -section_id Top
set_global_assignment -name PARTITION_COLOR 16764057 -section_id Top
set_instance_assignment -name IO_STANDARD "3.3-V LVTTL" -to clk
set_instance_assignment -name IO_STANDARD "1.2 V" -to reset
set_instance_assignment -name IO_STANDARD "1.2 V" -to polarity
set_instance_assignment -name IO_STANDARD "3.3-V LVTTL" -to arm_raw
set_instance_assignment -name IO_STANDARD "3.3-V LVTTL" -to rd_strobe_raw
set_instance_assignment -name IO_STANDARD "3.3-V LVTTL" -to rate[0]
set_instance_assignment -name IO_STANDARD "3.3-V LVTTL" -to rate[1]
set_instance_assignment -name IO_STANDARD "3.3-V LVTTL" -to data
set_instance_assignment -name IO_STANDARD "3.3-V LVTTL" -to done
set_instance_assignment -name IO_STANDARD "3.3-V LVTTL" -to led_heartbeat
set_instance_assignment -name PARTITION_HIERARCHY root_partition -to | -section_id Top